// !$*UTF8*$!
{
	archiveVersion = 1;
	classes = {
	};
	objectVersion = 77;
	objects = {

/* Begin PBXContainerItemProxy section */
		3AECFBF02D7F07C3002B237E /* PBXContainerItemProxy */ = {
			isa = PBXContainerItemProxy;
			containerPortal = 3AECFBD72D7F07C1002B237E /* Project object */;
			proxyType = 1;
			remoteGlobalIDString = 3AECFBDE2D7F07C1002B237E;
			remoteInfo = MemorizeApp;
		};
		3AECFBFA2D7F07C3002B237E /* PBXContainerItemProxy */ = {
			isa = PBXContainerItemProxy;
			containerPortal = 3AECFBD72D7F07C1002B237E /* Project object */;
			proxyType = 1;
			remoteGlobalIDString = 3AECFBDE2D7F07C1002B237E;
			remoteInfo = MemorizeApp;
		};
/* End PBXContainerItemProxy section */

/* Begin PBXFileReference section */
		3AECFBDF2D7F07C1002B237E /* MemorizeApp.app */ = {isa = PBXFileReference; explicitFileType = wrapper.application; includeInIndex = 0; path = MemorizeApp.app; sourceTree = BUILT_PRODUCTS_DIR; };
		3AECFBEF2D7F07C3002B237E /* MemorizeAppTests.xctest */ = {isa = PBXFileReference; explicitFileType = wrapper.cfbundle; includeInIndex = 0; path = MemorizeAppTests.xctest; sourceTree = BUILT_PRODUCTS_DIR; };
		3AECFBF92D7F07C3002B237E /* MemorizeAppUITests.xctest */ = {isa = PBXFileReference; explicitFileType = wrapper.cfbundle; includeInIndex = 0; path = MemorizeAppUITests.xctest; sourceTree = BUILT_PRODUCTS_DIR; };
/* End PBXFileReference section */

/* Begin PBXFileSystemSynchronizedRootGroup section */
		3AECFBE12D7F07C1002B237E /* MemorizeApp */ = {
			isa = PBXFileSystemSynchronizedRootGroup;
			path = MemorizeApp;
			sourceTree = "<group>";
		};
		3AECFBF22D7F07C3002B237E /* MemorizeAppTests */ = {
			isa = PBXFileSystemSynchronizedRootGroup;
			path = MemorizeAppTests;
			sourceTree = "<group>";
		};
		3AECFBFC2D7F07C3002B237E /* MemorizeAppUITests */ = {
			isa = PBXFileSystemSynchronizedRootGroup;
			path = MemorizeAppUITests;
			sourceTree = "<group>";
		};
/* End PBXFileSystemSynchronizedRootGroup section */

/* Begin PBXFrameworksBuildPhase section */
		3AECFBDC2D7F07C1002B237E /* Frameworks */ = {
			isa = PBXFrameworksBuildPhase;
			buildActionMask = 2147483647;
			files = (
			);
			runOnlyForDeploymentPostprocessing = 0;
		};
		3AECFBEC2D7F07C3002B237E /* Frameworks */ = {
			isa = PBXFrameworksBuildPhase;
			buildActionMask = 2147483647;
			files = (
			);
			runOnlyForDeploymentPostprocessing = 0;
		};
		3AECFBF62D7F07C3002B237E /* Frameworks */ = {
			isa = PBXFrameworksBuildPhase;
			buildActionMask = 2147483647;
			files = (
			);
			runOnlyForDeploymentPostprocessing = 0;
		};
/* End PBXFrameworksBuildPhase section */

/* Begin PBXGroup section */
		3AECFBD62D7F07C1002B237E = {
			isa = PBXGroup;
			children = (
				3AECFBE12D7F07C1002B237E /* MemorizeApp */,
				3AECFBF22D7F07C3002B237E /* MemorizeAppTests */,
				3AECFBFC2D7F07C3002B237E /* MemorizeAppUITests */,
				3AECFBE02D7F07C1002B237E /* Products */,
			);
			sourceTree = "<group>";
		};
		3AECFBE02D7F07C1002B237E /* Products */ = {
			isa = PBXGroup;
			children = (
				3AECFBDF2D7F07C1002B237E /* MemorizeApp.app */,
				3AECFBEF2D7F07C3002B237E /* MemorizeAppTests.xctest */,
				3AECFBF92D7F07C3002B237E /* MemorizeAppUITests.xctest */,
			);
			name = Products;
			sourceTree = "<group>";
		};
/* End PBXGroup section */

/* Begin PBXNativeTarget section */
		3AECFBDE2D7F07C1002B237E /* MemorizeApp */ = {
			isa = PBXNativeTarget;
			buildConfigurationList = 3AECFC032D7F07C3002B237E /* Build configuration list for PBXNativeTarget "MemorizeApp" */;
			buildPhases = (
				3AECFBDB2D7F07C1002B237E /* Sources */,
				3AECFBDC2D7F07C1002B237E /* Frameworks */,
				3AECFBDD2D7F07C1002B237E /* Resources */,
			);
			buildRules = (
			);
			dependencies = (
			);
			fileSystemSynchronizedGroups = (
				3AECFBE12D7F07C1002B237E /* MemorizeApp */,
			);
			name = MemorizeApp;
			packageProductDependencies = (
			);
			productName = MemorizeApp;
			productReference = 3AECFBDF2D7F07C1002B237E /* MemorizeApp.app */;
			productType = "com.apple.product-type.application";
		};
		3AECFBEE2D7F07C3002B237E /* MemorizeAppTests */ = {
			isa = PBXNativeTarget;
			buildConfigurationList = 3AECFC062D7F07C3002B237E /* Build configuration list for PBXNativeTarget "MemorizeAppTests" */;
			buildPhases = (
				3AECFBEB2D7F07C3002B237E /* Sources */,
				3AECFBEC2D7F07C3002B237E /* Frameworks */,
				3AECFBED2D7F07C3002B237E /* Resources */,
			);
			buildRules = (
			);
			dependencies = (
				3AECFBF12D7F07C3002B237E /* PBXTargetDependency */,
			);
			fileSystemSynchronizedGroups = (
				3AECFBF22D7F07C3002B237E /* MemorizeAppTests */,
			);
			name = MemorizeAppTests;
			packageProductDependencies = (
			);
			productName = MemorizeAppTests;
			productReference = 3AECFBEF2D7F07C3002B237E /* MemorizeAppTests.xctest */;
			productType = "com.apple.product-type.bundle.unit-test";
		};
		3AECFBF82D7F07C3002B237E /* MemorizeAppUITests */ = {
			isa = PBXNativeTarget;
			buildConfigurationList = 3AECFC092D7F07C3002B237E /* Build configuration list for PBXNativeTarget "MemorizeAppUITests" */;
			buildPhases = (
				3AECFBF52D7F07C3002B237E /* Sources */,
				3AECFBF62D7F07C3002B237E /* Frameworks */,
				3AECFBF72D7F07C3002B237E /* Resources */,
			);
			buildRules = (
			);
			dependencies = (
				3AECFBFB2D7F07C3002B237E /* PBXTargetDependency */,
			);
			fileSystemSynchronizedGroups = (
				3AECFBFC2D7F07C3002B237E /* MemorizeAppUITests */,
			);
			name = MemorizeAppUITests;
			packageProductDependencies = (
			);
			productName = MemorizeAppUITests;
			productReference = 3AECFBF92D7F07C3002B237E /* MemorizeAppUITests.xctest */;
			productType = "com.apple.product-type.bundle.ui-testing";
		};
/* End PBXNativeTarget section */

/* Begin PBXProject section */
		3AECFBD72D7F07C1002B237E /* Project object */ = {
			isa = PBXProject;
			attributes = {
				BuildIndependentTargetsInParallel = 1;
				LastSwiftUpdateCheck = 1620;
				LastUpgradeCheck = 1620;
				TargetAttributes = {
					3AECFBDE2D7F07C1002B237E = {
						CreatedOnToolsVersion = 16.2;
					};
					3AECFBEE2D7F07C3002B237E = {
						CreatedOnToolsVersion = 16.2;
						TestTargetID = 3AECFBDE2D7F07C1002B237E;
					};
					3AECFBF82D7F07C3002B237E = {
						CreatedOnToolsVersion = 16.2;
						TestTargetID = 3AECFBDE2D7F07C1002B237E;
					};
				};
			};
			buildConfigurationList = 3AECFBDA2D7F07C1002B237E /* Build configuration list for PBXProject "MemorizeApp" */;
			developmentRegion = en;
			hasScannedForEncodings = 0;
			knownRegions = (
				en,
				Base,
			);
			mainGroup = 3AECFBD62D7F07C1002B237E;
			minimizedProjectReferenceProxies = 1;
			preferredProjectObjectVersion = 77;
			productRefGroup = 3AECFBE02D7F07C1002B237E /* Products */;
			projectDirPath = "";
			projectRoot = "";
			targets = (
				3AECFBDE2D7F07C1002B237E /* MemorizeApp */,
				3AECFBEE2D7F07C3002B237E /* MemorizeAppTests */,
				3AECFBF82D7F07C3002B237E /* MemorizeAppUITests */,
			);
		};
/* End PBXProject section */

/* Begin PBXResourcesBuildPhase section */
		3AECFBDD2D7F07C1002B237E /* Resources */ = {
			isa = PBXResourcesBuildPhase;
			buildActionMask = 2147483647;
			files = (
			);
			runOnlyForDeploymentPostprocessing = 0;
		};
		3AECFBED2D7F07C3002B237E /* Resources */ = {
			isa = PBXResourcesBuildPhase;
			buildActionMask = 2147483647;
			files = (
			);
			runOnlyForDeploymentPostprocessing = 0;
		};
		3AECFBF72D7F07C3002B237E /* Resources */ = {
			isa = PBXResourcesBuildPhase;
			buildActionMask = 2147483647;
			files = (
			);
			runOnlyForDeploymentPostprocessing = 0;
		};
/* End PBXResourcesBuildPhase section */

/* Begin PBXSourcesBuildPhase section */
		3AECFBDB2D7F07C1002B237E /* Sources */ = {
			isa = PBXSourcesBuildPhase;
			buildActionMask = 2147483647;
			files = (
			);
			runOnlyForDeploymentPostprocessing = 0;
		};
		3AECFBEB2D7F07C3002B237E /* Sources */ = {
			isa = PBXSourcesBuildPhase;
			buildActionMask = 2147483647;
			files = (
			);
			runOnlyForDeploymentPostprocessing = 0;
		};
		3AECFBF52D7F07C3002B237E /* Sources */ = {
			isa = PBXSourcesBuildPhase;
			buildActionMask = 2147483647;
			files = (
			);
			runOnlyForDeploymentPostprocessing = 0;
		};
/* End PBXSourcesBuildPhase section */

/* Begin PBXTargetDependency section */
		3AECFBF12D7F07C3002B237E /* PBXTargetDependency */ = {
			isa = PBXTargetDependency;
			target = 3AECFBDE2D7F07C1002B237E /* MemorizeApp */;
			targetProxy = 3AECFBF02D7F07C3002B237E /* PBXContainerItemProxy */;
		};
		3AECFBFB2D7F07C3002B237E /* PBXTargetDependency */ = {
			isa = PBXTargetDependency;
			target = 3AECFBDE2D7F07C1002B237E /* MemorizeApp */;
			targetProxy = 3AECFBFA2D7F07C3002B237E /* PBXContainerItemProxy */;
		};
/* End PBXTargetDependency section */

/* Begin XCBuildConfiguration section */
		3AECFC012D7F07C3002B237E /* Debug */ = {
			isa = XCBuildConfiguration;
			buildSettings = {
				ALWAYS_SEARCH_USER_PATHS = NO;
				ASSETCATALOG_COMPILER_GENERATE_SWIFT_ASSET_SYMBOL_EXTENSIONS = YES;
				CLANG_ANALYZER_NONNULL = YES;
				CLANG_ANALYZER_NUMBER_OBJECT_CONVERSION = YES_AGGRESSIVE;
				CLANG_CXX_LANGUAGE_STANDARD = "gnu++20";
				CLANG_ENABLE_MODULES = YES;
				CLANG_ENABLE_OBJC_ARC = YES;
				CLANG_ENABLE_OBJC_WEAK = YES;
				CLANG_WARN_BLOCK_CAPTURE_AUTORELEASING = YES;
				CLANG_WARN_BOOL_CONVERSION = YES;
				CLANG_WARN_COMMA = YES;
				CLANG_WARN_CONSTANT_CONVERSION = YES;
				CLANG_WARN_DEPRECATED_OBJC_IMPLEMENTATIONS = YES;
				CLANG_WARN_DIRECT_OBJC_ISA_USAGE = YES_ERROR;
				CLANG_WARN_DOCUMENTATION_COMMENTS = YES;
				CLANG_WARN_EMPTY_BODY = YES;
				CLANG_WARN_ENUM_CONVERSION = YES;
				CLANG_WARN_INFINITE_RECURSION = YES;
				CLANG_WARN_INT_CONVERSION = YES;
				CLANG_WARN_NON_LITERAL_NULL_CONVERSION = YES;
				CLANG_WARN_OBJC_IMPLICIT_RETAIN_SELF = YES;
				CLANG_WARN_OBJC_LITERAL_CONVERSION = YES;
				CLANG_WARN_OBJC_ROOT_CLASS = YES_ERROR;
				CLANG_WARN_QUOTED_INCLUDE_IN_FRAMEWORK_HEADER = YES;
				CLANG_WARN_RANGE_LOOP_ANALYSIS = YES;
				CLANG_WARN_STRICT_PROTOTYPES = YES;
				CLANG_WARN_SUSPICIOUS_MOVE = YES;
				CLANG_WARN_UNGUARDED_AVAILABILITY = YES_AGGRESSIVE;
				CLANG_WARN_UNREACHABLE_CODE = YES;
				CLANG_WARN__DUPLICATE_METHOD_MATCH = YES;
				COPY_PHASE_STRIP = NO;
				DEBUG_INFORMATION_FORMAT = dwarf;
				ENABLE_STRICT_OBJC_MSGSEND = YES;
				ENABLE_TESTABILITY = YES;
				ENABLE_USER_SCRIPT_SANDBOXING = YES;
				GCC_C_LANGUAGE_STANDARD = gnu17;
				GCC_DYNAMIC_NO_PIC = NO;
				GCC_NO_COMMON_BLOCKS = YES;
				GCC_OPTIMIZATION_LEVEL = 0;
				GCC_PREPROCESSOR_DEFINITIONS = (
					"DEBUG=1",
					"$(inherited)",
				);
				GCC_WARN_64_TO_32_BIT_CONVERSION = YES;
				GCC_WARN_ABOUT_RETURN_TYPE = YES_ERROR;
				GCC_WARN_UNDECLARED_SELECTOR = YES;
				GCC_WARN_UNINITIALIZED_AUTOS = YES_AGGRESSIVE;
				GCC_WARN_UNUSED_FUNCTION = YES;
				GCC_WARN_UNUSED_VARIABLE = YES;
				IPHONEOS_DEPLOYMENT_TARGET = 18.2;
				LOCALIZATION_PREFERS_STRING_CATALOGS = YES;
				MTL_ENABLE_DEBUG_INFO = INCLUDE_SOURCE;
				MTL_FAST_MATH = YES;
				ONLY_ACTIVE_ARCH = YES;
				SDKROOT = iphoneos;
				SWIFT_ACTIVE_COMPILATION_CONDITIONS = "DEBUG $(inherited)";
				SWIFT_OPTIMIZATION_LEVEL = "-Onone";
			};
			name = Debug;
		};
		3AECFC022D7F07C3002B237E /* Release */ = {
			isa = XCBuildConfiguration;
			buildSettings = {
				ALWAYS_SEARCH_USER_PATHS = NO;
				ASSETCATALOG_COMPILER_GENERATE_SWIFT_ASSET_SYMBOL_EXTENSIONS = YES;
				CLANG_ANALYZER_NONNULL = YES;
				CLANG_ANALYZER_NUMBER_OBJECT_CONVERSION = YES_AGGRESSIVE;
				CLANG_CXX_LANGUAGE_STANDARD = "gnu++20";
				CLANG_ENABLE_MODULES = YES;
				CLANG_ENABLE_OBJC_ARC = YES;
				CLANG_ENABLE_OBJC_WEAK = YES;
				CLANG_WARN_BLOCK_CAPTURE_AUTORELEASING = YES;
				CLANG_WARN_BOOL_CONVERSION = YES;
				CLANG_WARN_COMMA = YES;
				CLANG_WARN_CONSTANT_CONVERSION = YES;
				CLANG_WARN_DEPRECATED_OBJC_IMPLEMENTATIONS = YES;
				CLANG_WARN_DIRECT_OBJC_ISA_USAGE = YES_ERROR;
				CLANG_WARN_DOCUMENTATION_COMMENTS = YES;
				CLANG_WARN_EMPTY_BODY = YES;
				CLANG_WARN_ENUM_CONVERSION = YES;
				CLANG_WARN_INFINITE_RECURSION = YES;
				CLANG_WARN_INT_CONVERSION = YES;
				CLANG_WARN_NON_LITERAL_NULL_CONVERSION = YES;
				CLANG_WARN_OBJC_IMPLICIT_RETAIN_SELF = YES;
				CLANG_WARN_OBJC_LITERAL_CONVERSION = YES;
				CLANG_WARN_OBJC_ROOT_CLASS = YES_ERROR;
				CLANG_WARN_QUOTED_INCLUDE_IN_FRAMEWORK_HEADER = YES;
				CLANG_WARN_RANGE_LOOP_ANALYSIS = YES;
				CLANG_WARN_STRICT_PROTOTYPES = YES;
				CLANG_WARN_SUSPICIOUS_MOVE = YES;
				CLANG_WARN_UNGUARDED_AVAILABILITY = YES_AGGRESSIVE;
				CLANG_WARN_UNREACHABLE_CODE = YES;
				CLANG_WARN__DUPLICATE_METHOD_MATCH = YES;
				COPY_PHASE_STRIP = NO;
				DEBUG_INFORMATION_FORMAT = "dwarf-with-dsym";
				ENABLE_NS_ASSERTIONS = NO;
				ENABLE_STRICT_OBJC_MSGSEND = YES;
				ENABLE_USER_SCRIPT_SANDBOXING = YES;
				GCC_C_LANGUAGE_STANDARD = gnu17;
				GCC_NO_COMMON_BLOCKS = YES;
				GCC_WARN_64_TO_32_BIT_CONVERSION = YES;
				GCC_WARN_ABOUT_RETURN_TYPE = YES_ERROR;
				GCC_WARN_UNDECLARED_SELECTOR = YES;
				GCC_WARN_UNINITIALIZED_AUTOS = YES_AGGRESSIVE;
				GCC_WARN_UNUSED_FUNCTION = YES;
				GCC_WARN_UNUSED_VARIABLE = YES;
				IPHONEOS_DEPLOYMENT_TARGET = 18.2;
				LOCALIZATION_PREFERS_STRING_CATALOGS = YES;
				MTL_ENABLE_DEBUG_INFO = NO;
				MTL_FAST_MATH = YES;
				SDKROOT = iphoneos;
				SWIFT_COMPILATION_MODE = wholemodule;
				VALIDATE_PRODUCT = YES;
			};
			name = Release;
		};
		3AECFC042D7F07C3002B237E /* Debug */ = {
			isa = XCBuildConfiguration;
			buildSettings = {
				ASSETCATALOG_COMPILER_APPICON_NAME = AppIcon;
				ASSETCATALOG_COMPILER_GLOBAL_ACCENT_COLOR_NAME = AccentColor;
				CODE_SIGN_STYLE = Automatic;
				CURRENT_PROJECT_VERSION = 1;
				DEVELOPMENT_ASSET_PATHS = "\"MemorizeApp/Preview Content\"";
				ENABLE_PREVIEWS = YES;
				GENERATE_INFOPLIST_FILE = YES;
				INFOPLIST_KEY_UIApplicationSceneManifest_Generation = YES;
				INFOPLIST_KEY_UIApplicationSupportsIndirectInputEvents = YES;
				INFOPLIST_KEY_UILaunchScreen_Generation = YES;
				INFOPLIST_KEY_UISupportedInterfaceOrientations_iPad = "UIInterfaceOrientationPortrait UIInterfaceOrientationPortraitUpsideDown UIInterfaceOrientationLandscapeLeft UIInterfaceOrientationLandscapeRight";
				INFOPLIST_KEY_UISupportedInterfaceOrientations_iPhone = "UIInterfaceOrientationPortrait UIInterfaceOrientationLandscapeLeft UIInterfaceOrientationLandscapeRight";
				LD_RUNPATH_SEARCH_PATHS = (
					"$(inherited)",
					"@executable_path/Frameworks",
				);
				MARKETING_VERSION = 1.0;
				PRODUCT_BUNDLE_IDENTIFIER = com.trinnawat.MemorizeApp;
				PRODUCT_NAME = "$(TARGET_NAME)";
				SWIFT_EMIT_LOC_STRINGS = YES;
				SWIFT_VERSION = 5.0;
				TARGETED_DEVICE_FAMILY = "1,2";
			};
			name = Debug;
		};
		3AECFC052D7F07C3002B237E /* Release */ = {
			isa = XCBuildConfiguration;
			buildSettings = {
				ASSETCATALOG_COMPILER_APPICON_NAME = AppIcon;
				ASSETCATALOG_COMPILER_GLOBAL_ACCENT_COLOR_NAME = AccentColor;
				CODE_SIGN_STYLE = Automatic;
				CURRENT_PROJECT_VERSION = 1;
				DEVELOPMENT_ASSET_PATHS = "\"MemorizeApp/Preview Content\"";
				ENABLE_PREVIEWS = YES;
				GENERATE_INFOPLIST_FILE = YES;
				INFOPLIST_KEY_UIApplicationSceneManifest_Generation = YES;
				INFOPLIST_KEY_UIApplicationSupportsIndirectInputEvents = YES;
				INFOPLIST_KEY_UILaunchScreen_Generation = YES;
				INFOPLIST_KEY_UISupportedInterfaceOrientations_iPad = "UIInterfaceOrientationPortrait UIInterfaceOrientationPortraitUpsideDown UIInterfaceOrientationLandscapeLeft UIInterfaceOrientationLandscapeRight";
				INFOPLIST_KEY_UISupportedInterfaceOrientations_iPhone = "UIInterfaceOrientationPortrait UIInterfaceOrientationLandscapeLeft UIInterfaceOrientationLandscapeRight";
				LD_RUNPATH_SEARCH_PATHS = (
					"$(inherited)",
					"@executable_path/Frameworks",
				);
				MARKETING_VERSION = 1.0;
				PRODUCT_BUNDLE_IDENTIFIER = com.trinnawat.MemorizeApp;
				PRODUCT_NAME = "$(TARGET_NAME)";
				SWIFT_EMIT_LOC_STRINGS = YES;
				SWIFT_VERSION = 5.0;
				TARGETED_DEVICE_FAMILY = "1,2";
			};
			name = Release;
		};
		3AECFC072D7F07C3002B237E /* Debug */ = {
			isa = XCBuildConfiguration;
			buildSettings = {
				BUNDLE_LOADER = "$(TEST_HOST)";
				CODE_SIGN_STYLE = Automatic;
				CURRENT_PROJECT_VERSION = 1;
				GENERATE_INFOPLIST_FILE = YES;
				IPHONEOS_DEPLOYMENT_TARGET = 18.2;
				MARKETING_VERSION = 1.0;
				PRODUCT_BUNDLE_IDENTIFIER = com.trinnawat.MemorizeAppTests;
				PRODUCT_NAME = "$(TARGET_NAME)";
				SWIFT_EMIT_LOC_STRINGS = NO;
				SWIFT_VERSION = 5.0;
				TARGETED_DEVICE_FAMILY = "1,2";
				TEST_HOST = "$(BUILT_PRODUCTS_DIR)/MemorizeApp.app/$(BUNDLE_EXECUTABLE_FOLDER_PATH)/MemorizeApp";
			};
			name = Debug;
		};
		3AECFC082D7F07C3002B237E /* Release */ = {
			isa = XCBuildConfiguration;
			buildSettings = {
				BUNDLE_LOADER = "$(TEST_HOST)";
				CODE_SIGN_STYLE = Automatic;
				CURRENT_PROJECT_VERSION = 1;
				GENERATE_INFOPLIST_FILE = YES;
				IPHONEOS_DEPLOYMENT_TARGET = 18.2;
				MARKETING_VERSION = 1.0;
				PRODUCT_BUNDLE_IDENTIFIER = com.trinnawat.MemorizeAppTests;
				PRODUCT_NAME = "$(TARGET_NAME)";
				SWIFT_EMIT_LOC_STRINGS = NO;
				SWIFT_VERSION = 5.0;
				TARGETED_DEVICE_FAMILY = "1,2";
				TEST_HOST = "$(BUILT_PRODUCTS_DIR)/MemorizeApp.app/$(BUNDLE_EXECUTABLE_FOLDER_PATH)/MemorizeApp";
			};
			name = Release;
		};
		3AECFC0A2D7F07C3002B237E /* Debug */ = {
			isa = XCBuildConfiguration;
			buildSettings = {
				CODE_SIGN_STYLE = Automatic;
				CURRENT_PROJECT_VERSION = 1;
				GENERATE_INFOPLIST_FILE = YES;
				MARKETING_VERSION = 1.0;
				PRODUCT_BUNDLE_IDENTIFIER = com.trinnawat.MemorizeAppUITests;
				PRODUCT_NAME = "$(TARGET_NAME)";
				SWIFT_EMIT_LOC_STRINGS = NO;
				SWIFT_VERSION = 5.0;
				TARGETED_DEVICE_FAMILY = "1,2";
				TEST_TARGET_NAME = MemorizeApp;
			};
			name = Debug;
		};
		3AECFC0B2D7F07C3002B237E /* Release */ = {
			isa = XCBuildConfiguration;
			buildSettings = {
				CODE_SIGN_STYLE = Automatic;
				CURRENT_PROJECT_VERSION = 1;
				GENERATE_INFOPLIST_FILE = YES;
				MARKETING_VERSION = 1.0;
				PRODUCT_BUNDLE_IDENTIFIER = com.trinnawat.MemorizeAppUITests;
				PRODUCT_NAME = "$(TARGET_NAME)";
				SWIFT_EMIT_LOC_STRINGS = NO;
				SWIFT_VERSION = 5.0;
				TARGETED_DEVICE_FAMILY = "1,2";
				TEST_TARGET_NAME = MemorizeApp;
			};
			name = Release;
		};
/* End XCBuildConfiguration section */

/* Begin XCConfigurationList section */
		3AECFBDA2D7F07C1002B237E /* Build configuration list for PBXProject "MemorizeApp" */ = {
			isa = XCConfigurationList;
			buildConfigurations = (
				3AECFC012D7F07C3002B237E /* Debug */,
				3AECFC022D7F07C3002B237E /* Release */,
			);
			defaultConfigurationIsVisible = 0;
			defaultConfigurationName = Release;
		};
		3AECFC032D7F07C3002B237E /* Build configuration list for PBXNativeTarget "MemorizeApp" */ = {
			isa = XCConfigurationList;
			buildConfigurations = (
				3AECFC042D7F07C3002B237E /* Debug */,
				3AECFC052D7F07C3002B237E /* Release */,
			);
			defaultConfigurationIsVisible = 0;
			defaultConfigurationName = Release;
		};
		3AECFC062D7F07C3002B237E /* Build configuration list for PBXNativeTarget "MemorizeAppTests" */ = {
			isa = XCConfigurationList;
			buildConfigurations = (
				3AECFC072D7F07C3002B237E /* Debug */,
				3AECFC082D7F07C3002B237E /* Release */,
			);
			defaultConfigurationIsVisible = 0;
			defaultConfigurationName = Release;
		};
		3AECFC092D7F07C3002B237E /* Build configuration list for PBXNativeTarget "MemorizeAppUITests" */ = {
			isa = XCConfigurationList;
			buildConfigurations = (
				3AECFC0A2D7F07C3002B237E /* Debug */,
				3AECFC0B2D7F07C3002B237E /* Release */,
			);
			defaultConfigurationIsVisible = 0;
			defaultConfigurationName = Release;
		};
/* End XCConfigurationList section */
	};
	rootObject = 3AECFBD72D7F07C1002B237E /* Project object */;
}
